
Microsoft Visual Studio Solution File, Format Version 12.00
# Visual Studio 15
VisualStudioVersion = 15.0.27130.2010
MinimumVisualStudioVersion = 10.0.40219.1
Project("{FAE04EC0-301F-11D3-BF4B-00C04F79EFBC}") = "Task 4", "Task 4\Task 4.csproj", "{2E940FB2-AF68-4C78-BE78-984716623E6D}"
EndProject
Global
	GlobalSection(SolutionConfigurationPlatforms) = preSolution
		Debug|Any CPU = Debug|Any CPU
		Release|Any CPU = Release|Any CPU
	EndGlobalSection
	GlobalSection(ProjectConfigurationPlatforms) = postSolution
		{2E940FB2-AF68-4C78-BE78-984716623E6D}.Debug|Any CPU.ActiveCfg = Debug|Any CPU
		{2E940FB2-AF68-4C78-BE78-984716623E6D}.Debug|Any CPU.Build.0 = Debug|Any CPU
		{2E940FB2-AF68-4C78-BE78-984716623E6D}.Release|Any CPU.ActiveCfg = Release|Any CPU
		{2E940FB2-AF68-4C78-BE78-984716623E6D}.Release|Any CPU.Build.0 = Release|Any CPU
	EndGlobalSection
	GlobalSection(SolutionProperties) = preSolution
		HideSolutionNode = FALSE
	EndGlobalSection
	GlobalSection(ExtensibilityGlobals) = postSolution
		SolutionGuid = {1DFFA5DC-BDB8-4700-9A00-F016AAE56E6C}
	EndGlobalSection
EndGlobal
