
Microsoft Visual Studio Solution File, Format Version 12.00
# Visual Studio 15
VisualStudioVersion = 15.0.27130.2010
MinimumVisualStudioVersion = 10.0.40219.1
Project("{FAE04EC0-301F-11D3-BF4B-00C04F79EFBC}") = "Task 2", "Task 2\Task 2.csproj", "{3A06A16C-3A58-441E-838B-03C986215334}"
EndProject
Global
	GlobalSection(SolutionConfigurationPlatforms) = preSolution
		Debug|Any CPU = Debug|Any CPU
		Release|Any CPU = Release|Any CPU
	EndGlobalSection
	GlobalSection(ProjectConfigurationPlatforms) = postSolution
		{3A06A16C-3A58-441E-838B-03C986215334}.Debug|Any CPU.ActiveCfg = Debug|Any CPU
		{3A06A16C-3A58-441E-838B-03C986215334}.Debug|Any CPU.Build.0 = Debug|Any CPU
		{3A06A16C-3A58-441E-838B-03C986215334}.Release|Any CPU.ActiveCfg = Release|Any CPU
		{3A06A16C-3A58-441E-838B-03C986215334}.Release|Any CPU.Build.0 = Release|Any CPU
	EndGlobalSection
	GlobalSection(SolutionProperties) = preSolution
		HideSolutionNode = FALSE
	EndGlobalSection
	GlobalSection(ExtensibilityGlobals) = postSolution
		SolutionGuid = {5C7FB289-22F5-429D-A327-59322BD8B344}
	EndGlobalSection
EndGlobal
